
Microsoft Visual Studio Solution File, Format Version 12.00
# Visual Studio Version 16
VisualStudioVersion = 16.0.32002.261
MinimumVisualStudioVersion = 10.0.40219.1
Project("{FAE04EC0-301F-11D3-BF4B-00C04F79EFBC}") = "EFCoreDbFirst", "EFCoreDbFirst\EFCoreDbFirst.csproj", "{3046A016-C4D5-413D-AB8B-3932BDE984C4}"
EndProject
Global
	GlobalSection(SolutionConfigurationPlatforms) = preSolution
		Debug|Any CPU = Debug|Any CPU
		Release|Any CPU = Release|Any CPU
	EndGlobalSection
	GlobalSection(ProjectConfigurationPlatforms) = postSolution
		{3046A016-C4D5-413D-AB8B-3932BDE984C4}.Debug|Any CPU.ActiveCfg = Debug|Any CPU
		{3046A016-C4D5-413D-AB8B-3932BDE984C4}.Debug|Any CPU.Build.0 = Debug|Any CPU
		{3046A016-C4D5-413D-AB8B-3932BDE984C4}.Release|Any CPU.ActiveCfg = Release|Any CPU
		{3046A016-C4D5-413D-AB8B-3932BDE984C4}.Release|Any CPU.Build.0 = Release|Any CPU
	EndGlobalSection
	GlobalSection(SolutionProperties) = preSolution
		HideSolutionNode = FALSE
	EndGlobalSection
	GlobalSection(ExtensibilityGlobals) = postSolution
		SolutionGuid = {D5F0E6ED-AD8C-457A-9FA8-9D02E41A6BBD}
	EndGlobalSection
EndGlobal
