
Microsoft Visual Studio Solution File, Format Version 12.00
# Visual Studio Version 16
VisualStudioVersion = 16.0.32002.261
MinimumVisualStudioVersion = 10.0.40219.1
Project("{FAE04EC0-301F-11D3-BF4B-00C04F79EFBC}") = "SPViewRawSqlCodeFirst", "SPViewRawSqlCodeFirst\SPViewRawSqlCodeFirst.csproj", "{DB1EBF9E-A9BA-4D18-BDFE-D8A823D285D8}"
EndProject
Global
	GlobalSection(SolutionConfigurationPlatforms) = preSolution
		Debug|Any CPU = Debug|Any CPU
		Release|Any CPU = Release|Any CPU
	EndGlobalSection
	GlobalSection(ProjectConfigurationPlatforms) = postSolution
		{DB1EBF9E-A9BA-4D18-BDFE-D8A823D285D8}.Debug|Any CPU.ActiveCfg = Debug|Any CPU
		{DB1EBF9E-A9BA-4D18-BDFE-D8A823D285D8}.Debug|Any CPU.Build.0 = Debug|Any CPU
		{DB1EBF9E-A9BA-4D18-BDFE-D8A823D285D8}.Release|Any CPU.ActiveCfg = Release|Any CPU
		{DB1EBF9E-A9BA-4D18-BDFE-D8A823D285D8}.Release|Any CPU.Build.0 = Release|Any CPU
	EndGlobalSection
	GlobalSection(SolutionProperties) = preSolution
		HideSolutionNode = FALSE
	EndGlobalSection
	GlobalSection(ExtensibilityGlobals) = postSolution
		SolutionGuid = {41B885A7-25FE-4CB0-AEC8-31C260AF3183}
	EndGlobalSection
EndGlobal
