
Microsoft Visual Studio Solution File, Format Version 12.00
# Visual Studio Version 16
VisualStudioVersion = 16.0.32002.261
MinimumVisualStudioVersion = 10.0.40219.1
Project("{FAE04EC0-301F-11D3-BF4B-00C04F79EFBC}") = "TableMappingAndCPKDemo", "TableMappingAndCPKDemo\TableMappingAndCPKDemo.csproj", "{E22470DA-656B-460B-AB4E-3DF3540F78C1}"
EndProject
Global
	GlobalSection(SolutionConfigurationPlatforms) = preSolution
		Debug|Any CPU = Debug|Any CPU
		Release|Any CPU = Release|Any CPU
	EndGlobalSection
	GlobalSection(ProjectConfigurationPlatforms) = postSolution
		{E22470DA-656B-460B-AB4E-3DF3540F78C1}.Debug|Any CPU.ActiveCfg = Debug|Any CPU
		{E22470DA-656B-460B-AB4E-3DF3540F78C1}.Debug|Any CPU.Build.0 = Debug|Any CPU
		{E22470DA-656B-460B-AB4E-3DF3540F78C1}.Release|Any CPU.ActiveCfg = Release|Any CPU
		{E22470DA-656B-460B-AB4E-3DF3540F78C1}.Release|Any CPU.Build.0 = Release|Any CPU
	EndGlobalSection
	GlobalSection(SolutionProperties) = preSolution
		HideSolutionNode = FALSE
	EndGlobalSection
	GlobalSection(ExtensibilityGlobals) = postSolution
		SolutionGuid = {B9745519-6AD0-4DC1-A41B-3AD2F8493A38}
	EndGlobalSection
EndGlobal
