
Microsoft Visual Studio Solution File, Format Version 12.00
# Visual Studio Version 16
VisualStudioVersion = 16.0.32002.261
MinimumVisualStudioVersion = 10.0.40219.1
Project("{FAE04EC0-301F-11D3-BF4B-00C04F79EFBC}") = "SPViewRawSql", "SPViewRawSql\SPViewRawSql.csproj", "{3B1E3567-2FE7-402A-A555-73E5D3707C63}"
EndProject
Global
	GlobalSection(SolutionConfigurationPlatforms) = preSolution
		Debug|Any CPU = Debug|Any CPU
		Release|Any CPU = Release|Any CPU
	EndGlobalSection
	GlobalSection(ProjectConfigurationPlatforms) = postSolution
		{3B1E3567-2FE7-402A-A555-73E5D3707C63}.Debug|Any CPU.ActiveCfg = Debug|Any CPU
		{3B1E3567-2FE7-402A-A555-73E5D3707C63}.Debug|Any CPU.Build.0 = Debug|Any CPU
		{3B1E3567-2FE7-402A-A555-73E5D3707C63}.Release|Any CPU.ActiveCfg = Release|Any CPU
		{3B1E3567-2FE7-402A-A555-73E5D3707C63}.Release|Any CPU.Build.0 = Release|Any CPU
	EndGlobalSection
	GlobalSection(SolutionProperties) = preSolution
		HideSolutionNode = FALSE
	EndGlobalSection
	GlobalSection(ExtensibilityGlobals) = postSolution
		SolutionGuid = {D72EB8C6-60B3-4263-AC5F-E3FB0D4AF373}
	EndGlobalSection
EndGlobal
