
Microsoft Visual Studio Solution File, Format Version 12.00
# Visual Studio Version 16
VisualStudioVersion = 16.0.32002.261
MinimumVisualStudioVersion = 10.0.40219.1
Project("{FAE04EC0-301F-11D3-BF4B-00C04F79EFBC}") = "WithEfCoreInMemoryDb", "WithEfCoreInMemoryDb\WithEfCoreInMemoryDb.csproj", "{766D0111-CE63-4C50-88B6-CAC9D9238C6B}"
EndProject
Global
	GlobalSection(SolutionConfigurationPlatforms) = preSolution
		Debug|Any CPU = Debug|Any CPU
		Release|Any CPU = Release|Any CPU
	EndGlobalSection
	GlobalSection(ProjectConfigurationPlatforms) = postSolution
		{766D0111-CE63-4C50-88B6-CAC9D9238C6B}.Debug|Any CPU.ActiveCfg = Debug|Any CPU
		{766D0111-CE63-4C50-88B6-CAC9D9238C6B}.Debug|Any CPU.Build.0 = Debug|Any CPU
		{766D0111-CE63-4C50-88B6-CAC9D9238C6B}.Release|Any CPU.ActiveCfg = Release|Any CPU
		{766D0111-CE63-4C50-88B6-CAC9D9238C6B}.Release|Any CPU.Build.0 = Release|Any CPU
	EndGlobalSection
	GlobalSection(SolutionProperties) = preSolution
		HideSolutionNode = FALSE
	EndGlobalSection
	GlobalSection(ExtensibilityGlobals) = postSolution
		SolutionGuid = {C975F081-59FA-4E85-913A-5776CF1FF41E}
	EndGlobalSection
EndGlobal
